
Microsoft Visual Studio Solution File, Format Version 12.00
# Visual Studio Version 17
VisualStudioVersion = 17.4.33110.190
MinimumVisualStudioVersion = 10.0.40219.1
Project("{FAE04EC0-301F-11D3-BF4B-00C04F79EFBC}") = "BasicAPI", "BasicAPI\BasicAPI.csproj", "{8983AD77-EAEE-43F4-AF4E-C9BB1735F08F}"
EndProject
Global
	GlobalSection(SolutionConfigurationPlatforms) = preSolution
		Debug|Any CPU = Debug|Any CPU
		Release|Any CPU = Release|Any CPU
	EndGlobalSection
	GlobalSection(ProjectConfigurationPlatforms) = postSolution
		{8983AD77-EAEE-43F4-AF4E-C9BB1735F08F}.Debug|Any CPU.ActiveCfg = Debug|Any CPU
		{8983AD77-EAEE-43F4-AF4E-C9BB1735F08F}.Debug|Any CPU.Build.0 = Debug|Any CPU
		{8983AD77-EAEE-43F4-AF4E-C9BB1735F08F}.Release|Any CPU.ActiveCfg = Release|Any CPU
		{8983AD77-EAEE-43F4-AF4E-C9BB1735F08F}.Release|Any CPU.Build.0 = Release|Any CPU
	EndGlobalSection
	GlobalSection(SolutionProperties) = preSolution
		HideSolutionNode = FALSE
	EndGlobalSection
	GlobalSection(ExtensibilityGlobals) = postSolution
		SolutionGuid = {D7F01421-CFD5-43B9-889F-9220533B5C78}
	EndGlobalSection
EndGlobal
